
Microsoft Visual Studio Solution File, Format Version 12.00
# Visual Studio 15
Project("{FAE04EC0-301F-11D3-BF4B-00C04F79EFBC}") = "Assembly-CSharp", "Assembly-CSharp.csproj", "{83AD214A-3C06-BA8E-09A7-5777C59764DC}"
EndProject
Project("{FAE04EC0-301F-11D3-BF4B-00C04F79EFBC}") = "Assembly-CSharp-Editor", "Assembly-CSharp-Editor.csproj", "{1FB0302D-1EFF-52FF-2B1A-5F8FCB16AE8F}"
EndProject
Global
	GlobalSection(SolutionConfigurationPlatforms) = preSolution
		Debug|Any CPU = Debug|Any CPU
		Release|Any CPU = Release|Any CPU
	EndGlobalSection
	GlobalSection(ProjectConfigurationPlatforms) = postSolution
		{83AD214A-3C06-BA8E-09A7-5777C59764DC}.Debug|Any CPU.ActiveCfg = Debug|Any CPU
		{83AD214A-3C06-BA8E-09A7-5777C59764DC}.Debug|Any CPU.Build.0 = Debug|Any CPU
		{83AD214A-3C06-BA8E-09A7-5777C59764DC}.Release|Any CPU.ActiveCfg = Release|Any CPU
		{83AD214A-3C06-BA8E-09A7-5777C59764DC}.Release|Any CPU.Build.0 = Release|Any CPU
		{1FB0302D-1EFF-52FF-2B1A-5F8FCB16AE8F}.Debug|Any CPU.ActiveCfg = Debug|Any CPU
		{1FB0302D-1EFF-52FF-2B1A-5F8FCB16AE8F}.Debug|Any CPU.Build.0 = Debug|Any CPU
		{1FB0302D-1EFF-52FF-2B1A-5F8FCB16AE8F}.Release|Any CPU.ActiveCfg = Release|Any CPU
		{1FB0302D-1EFF-52FF-2B1A-5F8FCB16AE8F}.Release|Any CPU.Build.0 = Release|Any CPU
	EndGlobalSection
	GlobalSection(SolutionProperties) = preSolution
		HideSolutionNode = FALSE
	EndGlobalSection
EndGlobal
