
Microsoft Visual Studio Solution File, Format Version 11.00
# Visual Studio 2010
Project("{FAE04EC0-301F-11D3-BF4B-00C04F79EFBC}") = "Assembly-CSharp", "Assembly-CSharp.csproj", "{23f72e6a-639f-2b88-c47d-83171daa31d9}"
EndProject
Project("{FAE04EC0-301F-11D3-BF4B-00C04F79EFBC}") = "Assembly-CSharp-Editor", "Assembly-CSharp-Editor.csproj", "{a823b0ac-cb7f-2264-e962-fe679c498a0d}"
EndProject
Global
	GlobalSection(SolutionConfigurationPlatforms) = preSolution
		Debug|Any CPU = Debug|Any CPU
	EndGlobalSection
	GlobalSection(ProjectConfigurationPlatforms) = postSolution
		{23f72e6a-639f-2b88-c47d-83171daa31d9}.Debug|Any CPU.ActiveCfg = Debug|Any CPU
		{23f72e6a-639f-2b88-c47d-83171daa31d9}.Debug|Any CPU.Build.0 = Debug|Any CPU
		{a823b0ac-cb7f-2264-e962-fe679c498a0d}.Debug|Any CPU.ActiveCfg = Debug|Any CPU
		{a823b0ac-cb7f-2264-e962-fe679c498a0d}.Debug|Any CPU.Build.0 = Debug|Any CPU
	EndGlobalSection
	GlobalSection(SolutionProperties) = preSolution
		HideSolutionNode = FALSE
	EndGlobalSection
EndGlobal
